// !$*UTF8*$!
{
	archiveVersion = 1;
	classes = {
	};
	objectVersion = 46;
	objects = {

/* Begin PBXBuildFile section */
		94D96DD41CE65FBE002DCBFF /* main.cpp in Sources */ = {isa = PBXBuildFile; fileRef = 94D96DD31CE65FBE002DCBFF /* main.cpp */; };
		94D96DDC1CE65FF0002DCBFF /* Fitness.cpp in Sources */ = {isa = PBXBuildFile; fileRef = 94D96DDA1CE65FF0002DCBFF /* Fitness.cpp */; };
		94D96DDF1CE660DD002DCBFF /* Chromosome.cpp in Sources */ = {isa = PBXBuildFile; fileRef = 94D96DDD1CE660DD002DCBFF /* Chromosome.cpp */; };
		94D96DE21CE66337002DCBFF /* GeneticAlgorithm.cpp in Sources */ = {isa = PBXBuildFile; fileRef = 94D96DE01CE66337002DCBFF /* GeneticAlgorithm.cpp */; };
		94D96DE91CE72A0C002DCBFF /* Utility.cpp in Sources */ = {isa = PBXBuildFile; fileRef = 94D96DE71CE72A0C002DCBFF /* Utility.cpp */; };
		94D96DEF1CE764CB002DCBFF /* EditDistanceFitness.cpp in Sources */ = {isa = PBXBuildFile; fileRef = 94D96DED1CE764CB002DCBFF /* EditDistanceFitness.cpp */; };
/* End PBXBuildFile section */

/* Begin PBXCopyFilesBuildPhase section */
		94D96DCE1CE65FBE002DCBFF /* CopyFiles */ = {
			isa = PBXCopyFilesBuildPhase;
			buildActionMask = 2147483647;
			dstPath = /usr/share/man/man1/;
			dstSubfolderSpec = 0;
			files = (
			);
			runOnlyForDeploymentPostprocessing = 1;
		};
/* End PBXCopyFilesBuildPhase section */

/* Begin PBXFileReference section */
		94D96DD01CE65FBE002DCBFF /* GeneticAlgorithm */ = {isa = PBXFileReference; explicitFileType = "compiled.mach-o.executable"; includeInIndex = 0; path = GeneticAlgorithm; sourceTree = BUILT_PRODUCTS_DIR; };
		94D96DD31CE65FBE002DCBFF /* main.cpp */ = {isa = PBXFileReference; lastKnownFileType = sourcecode.cpp.cpp; path = main.cpp; sourceTree = "<group>"; };
		94D96DDA1CE65FF0002DCBFF /* Fitness.cpp */ = {isa = PBXFileReference; fileEncoding = 4; lastKnownFileType = sourcecode.cpp.cpp; path = Fitness.cpp; sourceTree = "<group>"; };
		94D96DDB1CE65FF0002DCBFF /* Fitness.hpp */ = {isa = PBXFileReference; fileEncoding = 4; lastKnownFileType = sourcecode.cpp.h; path = Fitness.hpp; sourceTree = "<group>"; };
		94D96DDD1CE660DD002DCBFF /* Chromosome.cpp */ = {isa = PBXFileReference; fileEncoding = 4; lastKnownFileType = sourcecode.cpp.cpp; path = Chromosome.cpp; sourceTree = "<group>"; };
		94D96DDE1CE660DD002DCBFF /* Chromosome.hpp */ = {isa = PBXFileReference; fileEncoding = 4; lastKnownFileType = sourcecode.cpp.h; path = Chromosome.hpp; sourceTree = "<group>"; };
		94D96DE01CE66337002DCBFF /* GeneticAlgorithm.cpp */ = {isa = PBXFileReference; fileEncoding = 4; lastKnownFileType = sourcecode.cpp.cpp; path = GeneticAlgorithm.cpp; sourceTree = "<group>"; };
		94D96DE11CE66337002DCBFF /* GeneticAlgorithm.hpp */ = {isa = PBXFileReference; fileEncoding = 4; lastKnownFileType = sourcecode.cpp.h; path = GeneticAlgorithm.hpp; sourceTree = "<group>"; };
		94D96DE71CE72A0C002DCBFF /* Utility.cpp */ = {isa = PBXFileReference; fileEncoding = 4; lastKnownFileType = sourcecode.cpp.cpp; path = Utility.cpp; sourceTree = "<group>"; };
		94D96DE81CE72A0C002DCBFF /* Utility.hpp */ = {isa = PBXFileReference; fileEncoding = 4; lastKnownFileType = sourcecode.cpp.h; path = Utility.hpp; sourceTree = "<group>"; };
		94D96DED1CE764CB002DCBFF /* EditDistanceFitness.cpp */ = {isa = PBXFileReference; fileEncoding = 4; lastKnownFileType = sourcecode.cpp.cpp; path = EditDistanceFitness.cpp; sourceTree = "<group>"; };
		94D96DEE1CE764CB002DCBFF /* EditDistanceFitness.hpp */ = {isa = PBXFileReference; fileEncoding = 4; lastKnownFileType = sourcecode.cpp.h; path = EditDistanceFitness.hpp; sourceTree = "<group>"; };
/* End PBXFileReference section */

/* Begin PBXFrameworksBuildPhase section */
		94D96DCD1CE65FBE002DCBFF /* Frameworks */ = {
			isa = PBXFrameworksBuildPhase;
			buildActionMask = 2147483647;
			files = (
			);
			runOnlyForDeploymentPostprocessing = 0;
		};
/* End PBXFrameworksBuildPhase section */

/* Begin PBXGroup section */
		94D96DC71CE65FBE002DCBFF = {
			isa = PBXGroup;
			children = (
				94D96DD21CE65FBE002DCBFF /* GeneticAlgorithm */,
				94D96DD11CE65FBE002DCBFF /* Products */,
			);
			sourceTree = "<group>";
		};
		94D96DD11CE65FBE002DCBFF /* Products */ = {
			isa = PBXGroup;
			children = (
				94D96DD01CE65FBE002DCBFF /* GeneticAlgorithm */,
			);
			name = Products;
			sourceTree = "<group>";
		};
		94D96DD21CE65FBE002DCBFF /* GeneticAlgorithm */ = {
			isa = PBXGroup;
			children = (
				94D96DD31CE65FBE002DCBFF /* main.cpp */,
				94D96DDE1CE660DD002DCBFF /* Chromosome.hpp */,
				94D96DDD1CE660DD002DCBFF /* Chromosome.cpp */,
				94D96DE11CE66337002DCBFF /* GeneticAlgorithm.hpp */,
				94D96DE01CE66337002DCBFF /* GeneticAlgorithm.cpp */,
				94D96DE31CE6647B002DCBFF /* Fitness */,
				94D96DE81CE72A0C002DCBFF /* Utility.hpp */,
				94D96DE71CE72A0C002DCBFF /* Utility.cpp */,
			);
			path = GeneticAlgorithm;
			sourceTree = "<group>";
		};
		94D96DE31CE6647B002DCBFF /* Fitness */ = {
			isa = PBXGroup;
			children = (
				94D96DDB1CE65FF0002DCBFF /* Fitness.hpp */,
				94D96DDA1CE65FF0002DCBFF /* Fitness.cpp */,
				94D96DEE1CE764CB002DCBFF /* EditDistanceFitness.hpp */,
				94D96DED1CE764CB002DCBFF /* EditDistanceFitness.cpp */,
			);
			name = Fitness;
			sourceTree = "<group>";
		};
/* End PBXGroup section */

/* Begin PBXNativeTarget section */
		94D96DCF1CE65FBE002DCBFF /* GeneticAlgorithm */ = {
			isa = PBXNativeTarget;
			buildConfigurationList = 94D96DD71CE65FBE002DCBFF /* Build configuration list for PBXNativeTarget "GeneticAlgorithm" */;
			buildPhases = (
				94D96DCC1CE65FBE002DCBFF /* Sources */,
				94D96DCD1CE65FBE002DCBFF /* Frameworks */,
				94D96DCE1CE65FBE002DCBFF /* CopyFiles */,
			);
			buildRules = (
			);
			dependencies = (
			);
			name = GeneticAlgorithm;
			productName = GeneticAlgorithm;
			productReference = 94D96DD01CE65FBE002DCBFF /* GeneticAlgorithm */;
			productType = "com.apple.product-type.tool";
		};
/* End PBXNativeTarget section */

/* Begin PBXProject section */
		94D96DC81CE65FBE002DCBFF /* Project object */ = {
			isa = PBXProject;
			attributes = {
				LastUpgradeCheck = 0730;
				ORGANIZATIONNAME = "Maxim Vainshtein";
				TargetAttributes = {
					94D96DCF1CE65FBE002DCBFF = {
						CreatedOnToolsVersion = 7.3;
					};
				};
			};
			buildConfigurationList = 94D96DCB1CE65FBE002DCBFF /* Build configuration list for PBXProject "GeneticAlgorithm" */;
			compatibilityVersion = "Xcode 3.2";
			developmentRegion = English;
			hasScannedForEncodings = 0;
			knownRegions = (
				en,
			);
			mainGroup = 94D96DC71CE65FBE002DCBFF;
			productRefGroup = 94D96DD11CE65FBE002DCBFF /* Products */;
			projectDirPath = "";
			projectRoot = "";
			targets = (
				94D96DCF1CE65FBE002DCBFF /* GeneticAlgorithm */,
			);
		};
/* End PBXProject section */

/* Begin PBXSourcesBuildPhase section */
		94D96DCC1CE65FBE002DCBFF /* Sources */ = {
			isa = PBXSourcesBuildPhase;
			buildActionMask = 2147483647;
			files = (
				94D96DDC1CE65FF0002DCBFF /* Fitness.cpp in Sources */,
				94D96DD41CE65FBE002DCBFF /* main.cpp in Sources */,
				94D96DE91CE72A0C002DCBFF /* Utility.cpp in Sources */,
				94D96DDF1CE660DD002DCBFF /* Chromosome.cpp in Sources */,
				94D96DE21CE66337002DCBFF /* GeneticAlgorithm.cpp in Sources */,
				94D96DEF1CE764CB002DCBFF /* EditDistanceFitness.cpp in Sources */,
			);
			runOnlyForDeploymentPostprocessing = 0;
		};
/* End PBXSourcesBuildPhase section */

/* Begin XCBuildConfiguration section */
		94D96DD51CE65FBE002DCBFF /* Debug */ = {
			isa = XCBuildConfiguration;
			buildSettings = {
				ALWAYS_SEARCH_USER_PATHS = NO;
				CLANG_ANALYZER_NONNULL = YES;
				CLANG_CXX_LANGUAGE_STANDARD = "gnu++0x";
				CLANG_CXX_LIBRARY = "libc++";
				CLANG_ENABLE_MODULES = YES;
				CLANG_ENABLE_OBJC_ARC = YES;
				CLANG_WARN_BOOL_CONVERSION = YES;
				CLANG_WARN_CONSTANT_CONVERSION = YES;
				CLANG_WARN_DIRECT_OBJC_ISA_USAGE = YES_ERROR;
				CLANG_WARN_EMPTY_BODY = YES;
				CLANG_WARN_ENUM_CONVERSION = YES;
				CLANG_WARN_INT_CONVERSION = YES;
				CLANG_WARN_OBJC_ROOT_CLASS = YES_ERROR;
				CLANG_WARN_UNREACHABLE_CODE = YES;
				CLANG_WARN__DUPLICATE_METHOD_MATCH = YES;
				CODE_SIGN_IDENTITY = "-";
				COPY_PHASE_STRIP = NO;
				DEBUG_INFORMATION_FORMAT = dwarf;
				ENABLE_STRICT_OBJC_MSGSEND = YES;
				ENABLE_TESTABILITY = YES;
				GCC_C_LANGUAGE_STANDARD = gnu99;
				GCC_DYNAMIC_NO_PIC = NO;
				GCC_NO_COMMON_BLOCKS = YES;
				GCC_OPTIMIZATION_LEVEL = 0;
				GCC_PREPROCESSOR_DEFINITIONS = (
					"DEBUG=1",
					"$(inherited)",
				);
				GCC_WARN_64_TO_32_BIT_CONVERSION = YES;
				GCC_WARN_ABOUT_RETURN_TYPE = YES_ERROR;
				GCC_WARN_UNDECLARED_SELECTOR = YES;
				GCC_WARN_UNINITIALIZED_AUTOS = YES_AGGRESSIVE;
				GCC_WARN_UNUSED_FUNCTION = YES;
				GCC_WARN_UNUSED_VARIABLE = YES;
				MACOSX_DEPLOYMENT_TARGET = 10.11;
				MTL_ENABLE_DEBUG_INFO = YES;
				ONLY_ACTIVE_ARCH = YES;
				SDKROOT = macosx;
			};
			name = Debug;
		};
		94D96DD61CE65FBE002DCBFF /* Release */ = {
			isa = XCBuildConfiguration;
			buildSettings = {
				ALWAYS_SEARCH_USER_PATHS = NO;
				CLANG_ANALYZER_NONNULL = YES;
				CLANG_CXX_LANGUAGE_STANDARD = "gnu++0x";
				CLANG_CXX_LIBRARY = "libc++";
				CLANG_ENABLE_MODULES = YES;
				CLANG_ENABLE_OBJC_ARC = YES;
				CLANG_WARN_BOOL_CONVERSION = YES;
				CLANG_WARN_CONSTANT_CONVERSION = YES;
				CLANG_WARN_DIRECT_OBJC_ISA_USAGE = YES_ERROR;
				CLANG_WARN_EMPTY_BODY = YES;
				CLANG_WARN_ENUM_CONVERSION = YES;
				CLANG_WARN_INT_CONVERSION = YES;
				CLANG_WARN_OBJC_ROOT_CLASS = YES_ERROR;
				CLANG_WARN_UNREACHABLE_CODE = YES;
				CLANG_WARN__DUPLICATE_METHOD_MATCH = YES;
				CODE_SIGN_IDENTITY = "-";
				COPY_PHASE_STRIP = NO;
				DEBUG_INFORMATION_FORMAT = "dwarf-with-dsym";
				ENABLE_NS_ASSERTIONS = NO;
				ENABLE_STRICT_OBJC_MSGSEND = YES;
				GCC_C_LANGUAGE_STANDARD = gnu99;
				GCC_NO_COMMON_BLOCKS = YES;
				GCC_WARN_64_TO_32_BIT_CONVERSION = YES;
				GCC_WARN_ABOUT_RETURN_TYPE = YES_ERROR;
				GCC_WARN_UNDECLARED_SELECTOR = YES;
				GCC_WARN_UNINITIALIZED_AUTOS = YES_AGGRESSIVE;
				GCC_WARN_UNUSED_FUNCTION = YES;
				GCC_WARN_UNUSED_VARIABLE = YES;
				MACOSX_DEPLOYMENT_TARGET = 10.11;
				MTL_ENABLE_DEBUG_INFO = NO;
				SDKROOT = macosx;
			};
			name = Release;
		};
		94D96DD81CE65FBE002DCBFF /* Debug */ = {
			isa = XCBuildConfiguration;
			buildSettings = {
				PRODUCT_NAME = "$(TARGET_NAME)";
			};
			name = Debug;
		};
		94D96DD91CE65FBE002DCBFF /* Release */ = {
			isa = XCBuildConfiguration;
			buildSettings = {
				PRODUCT_NAME = "$(TARGET_NAME)";
			};
			name = Release;
		};
/* End XCBuildConfiguration section */

/* Begin XCConfigurationList section */
		94D96DCB1CE65FBE002DCBFF /* Build configuration list for PBXProject "GeneticAlgorithm" */ = {
			isa = XCConfigurationList;
			buildConfigurations = (
				94D96DD51CE65FBE002DCBFF /* Debug */,
				94D96DD61CE65FBE002DCBFF /* Release */,
			);
			defaultConfigurationIsVisible = 0;
			defaultConfigurationName = Release;
		};
		94D96DD71CE65FBE002DCBFF /* Build configuration list for PBXNativeTarget "GeneticAlgorithm" */ = {
			isa = XCConfigurationList;
			buildConfigurations = (
				94D96DD81CE65FBE002DCBFF /* Debug */,
				94D96DD91CE65FBE002DCBFF /* Release */,
			);
			defaultConfigurationIsVisible = 0;
			defaultConfigurationName = Release;
		};
/* End XCConfigurationList section */
	};
	rootObject = 94D96DC81CE65FBE002DCBFF /* Project object */;
}
